<?xml version="1.0" encoding="utf-8"?>
<Project ToolsVersion="4.0" xmlns="http://schemas.microsoft.com/developer/msbuild/2003">
  <ItemGroup>
    <ClCompile Include="main.cpp" />
    <ClCompile Include="Utils\Utils.cpp">
      <Filter>Utils</Filter>
    </ClCompile>
    <ClCompile Include="Entities\ATM.cpp">
      <Filter>Entities</Filter>
    </ClCompile>
    <ClCompile Include="Entities\AdminCard.cpp">
      <Filter>Entities</Filter>
    </ClCompile>
    <ClCompile Include="Entities\BanknoteBank.cpp">
      <Filter>Entities</Filter>
    </ClCompile>
    <ClCompile Include="Entities\ClientCard.cpp">
      <Filter>Entities</Filter>
    </ClCompile>
    <ClCompile Include="Entities\JSONItem.cpp">
      <Filter>Entities</Filter>
    </ClCompile>
    <ClCompile Include="States\Maintenance.cpp">
      <Filter>States</Filter>
    </ClCompile>
    <ClCompile Include="States\Authorization.cpp">
      <Filter>States</Filter>
    </ClCompile>
    <ClCompile Include="Entities\Transaction.cpp">
      <Filter>Entities</Filter>
    </ClCompile>
    <ClCompile Include="Entities\TransactionManager.cpp">
      <Filter>Entities</Filter>
    </ClCompile>
    <ClCompile Include="States\MainActions.cpp">
      <Filter>States</Filter>
    </ClCompile>
    <ClCompile Include="Entities\CardManager.cpp">
      <Filter>Entities</Filter>
    </ClCompile>
    <ClCompile Include="States\State.cpp">
      <Filter>States</Filter>
    </ClCompile>
    <ClCompile Include="Tests\Tester.cpp" />
  </ItemGroup>
  <ItemGroup>
    <ClInclude Include="rapidjson\allocators.h">
      <Filter>Rapidjson</Filter>
    </ClInclude>
    <ClInclude Include="rapidjson\internal\biginteger.h">
      <Filter>Rapidjson</Filter>
    </ClInclude>
    <ClInclude Include="rapidjson\internal\clzll.h">
      <Filter>Rapidjson</Filter>
    </ClInclude>
    <ClInclude Include="rapidjson\cursorstreamwrapper.h">
      <Filter>Rapidjson</Filter>
    </ClInclude>
    <ClInclude Include="rapidjson\internal\diyfp.h">
      <Filter>Rapidjson</Filter>
    </ClInclude>
    <ClInclude Include="rapidjson\document.h">
      <Filter>Rapidjson</Filter>
    </ClInclude>
    <ClInclude Include="rapidjson\internal\dtoa.h">
      <Filter>Rapidjson</Filter>
    </ClInclude>
    <ClInclude Include="rapidjson\error\en.h">
      <Filter>Rapidjson</Filter>
    </ClInclude>
    <ClInclude Include="rapidjson\encodedstream.h">
      <Filter>Rapidjson</Filter>
    </ClInclude>
    <ClInclude Include="rapidjson\encodings.h">
      <Filter>Rapidjson</Filter>
    </ClInclude>
    <ClInclude Include="rapidjson\error\error.h">
      <Filter>Rapidjson</Filter>
    </ClInclude>
    <ClInclude Include="rapidjson\filereadstream.h">
      <Filter>Rapidjson</Filter>
    </ClInclude>
    <ClInclude Include="rapidjson\filewritestream.h">
      <Filter>Rapidjson</Filter>
    </ClInclude>
    <ClInclude Include="rapidjson\fwd.h">
      <Filter>Rapidjson</Filter>
    </ClInclude>
    <ClInclude Include="rapidjson\internal\ieee754.h">
      <Filter>Rapidjson</Filter>
    </ClInclude>
    <ClInclude Include="rapidjson\msinttypes\inttypes.h">
      <Filter>Rapidjson</Filter>
    </ClInclude>
    <ClInclude Include="rapidjson\istreamwrapper.h">
      <Filter>Rapidjson</Filter>
    </ClInclude>
    <ClInclude Include="rapidjson\internal\itoa.h">
      <Filter>Rapidjson</Filter>
    </ClInclude>
    <ClInclude Include="rapidjson\memorybuffer.h">
      <Filter>Rapidjson</Filter>
    </ClInclude>
    <ClInclude Include="rapidjson\memorystream.h">
      <Filter>Rapidjson</Filter>
    </ClInclude>
    <ClInclude Include="rapidjson\internal\meta.h">
      <Filter>Rapidjson</Filter>
    </ClInclude>
    <ClInclude Include="rapidjson\ostreamwrapper.h">
      <Filter>Rapidjson</Filter>
    </ClInclude>
    <ClInclude Include="rapidjson\pointer.h">
      <Filter>Rapidjson</Filter>
    </ClInclude>
    <ClInclude Include="rapidjson\internal\pow10.h">
      <Filter>Rapidjson</Filter>
    </ClInclude>
    <ClInclude Include="rapidjson\prettywriter.h">
      <Filter>Rapidjson</Filter>
    </ClInclude>
    <ClInclude Include="rapidjson\rapidjson.h">
      <Filter>Rapidjson</Filter>
    </ClInclude>
    <ClInclude Include="rapidjson\reader.h">
      <Filter>Rapidjson</Filter>
    </ClInclude>
    <ClInclude Include="rapidjson\internal\regex.h">
      <Filter>Rapidjson</Filter>
    </ClInclude>
    <ClInclude Include="rapidjson\schema.h">
      <Filter>Rapidjson</Filter>
    </ClInclude>
    <ClInclude Include="rapidjson\internal\stack.h">
      <Filter>Rapidjson</Filter>
    </ClInclude>
    <ClInclude Include="rapidjson\msinttypes\stdint.h">
      <Filter>Rapidjson</Filter>
    </ClInclude>
    <ClInclude Include="rapidjson\stream.h">
      <Filter>Rapidjson</Filter>
    </ClInclude>
    <ClInclude Include="rapidjson\internal\strfunc.h">
      <Filter>Rapidjson</Filter>
    </ClInclude>
    <ClInclude Include="rapidjson\stringbuffer.h">
      <Filter>Rapidjson</Filter>
    </ClInclude>
    <ClInclude Include="rapidjson\internal\strtod.h">
      <Filter>Rapidjson</Filter>
    </ClInclude>
    <ClInclude Include="rapidjson\internal\swap.h">
      <Filter>Rapidjson</Filter>
    </ClInclude>
    <ClInclude Include="rapidjson\writer.h">
      <Filter>Rapidjson</Filter>
    </ClInclude>
    <ClInclude Include="rapidjson\uri.h">
      <Filter>Rapidjson</Filter>
    </ClInclude>
    <ClInclude Include="Utils\Utils.h">
      <Filter>Utils</Filter>
    </ClInclude>
    <ClInclude Include="Entities\AdminCard.h">
      <Filter>Entities</Filter>
    </ClInclude>
    <ClInclude Include="Entities\ATM.h">
      <Filter>Entities</Filter>
    </ClInclude>
    <ClInclude Include="Entities\BanknoteBank.h">
      <Filter>Entities</Filter>
    </ClInclude>
    <ClInclude Include="Entities\Card.h">
      <Filter>Entities</Filter>
    </ClInclude>
    <ClInclude Include="Entities\CardManager.h">
      <Filter>Entities</Filter>
    </ClInclude>
    <ClInclude Include="Entities\ClientCard.h">
      <Filter>Entities</Filter>
    </ClInclude>
    <ClInclude Include="Entities\JSONItem.h">
      <Filter>Entities</Filter>
    </ClInclude>
    <ClInclude Include="States\MainActions.h">
      <Filter>States</Filter>
    </ClInclude>
    <ClInclude Include="States\Maintenance.h">
      <Filter>States</Filter>
    </ClInclude>
    <ClInclude Include="States\Authorization.h">
      <Filter>States</Filter>
    </ClInclude>
    <ClInclude Include="Entities\Transaction.h">
      <Filter>Entities</Filter>
    </ClInclude>
    <ClInclude Include="Entities\TransactionManager.h">
      <Filter>Entities</Filter>
    </ClInclude>
    <ClInclude Include="States\State.h">
      <Filter>States</Filter>
    </ClInclude>
    <ClInclude Include="Tests\Tester.h" />
  </ItemGroup>
  <ItemGroup>
    <Filter Include="Rapidjson">
      <UniqueIdentifier>{6302cd5b-f596-42b5-b792-fd03142e0d85}</UniqueIdentifier>
    </Filter>
    <Filter Include="Utils">
      <UniqueIdentifier>{213baa6e-6338-4796-9d70-2d47b74d87f8}</UniqueIdentifier>
    </Filter>
    <Filter Include="Entities">
      <UniqueIdentifier>{5827e7c9-21cb-4ba6-be46-d6154ae63f0f}</UniqueIdentifier>
    </Filter>
    <Filter Include="States">
      <UniqueIdentifier>{aa1fe25f-90be-4620-841d-8d2d6ba6c367}</UniqueIdentifier>
    </Filter>
  </ItemGroup>
</Project>